// !$*UTF8*$!
{
	archiveVersion = 1;
	classes = {
	};
	objectVersion = 77;
	objects = {

/* Begin PBXContainerItemProxy section */
		CDFE915B2E6C8A460017D2B6 /* PBXContainerItemProxy */ = {
			isa = PBXContainerItemProxy;
			containerPortal = CDFE91452E6C8A440017D2B6 /* Project object */;
			proxyType = 1;
			remoteGlobalIDString = CDFE914C2E6C8A440017D2B6;
			remoteInfo = cleaner_ios;
		};
		CDFE91652E6C8A460017D2B6 /* PBXContainerItemProxy */ = {
			isa = PBXContainerItemProxy;
			containerPortal = CDFE91452E6C8A440017D2B6 /* Project object */;
			proxyType = 1;
			remoteGlobalIDString = CDFE914C2E6C8A440017D2B6;
			remoteInfo = cleaner_ios;
		};
/* End PBXContainerItemProxy section */

/* Begin PBXFileReference section */
		CDFE914D2E6C8A440017D2B6 /* cleaner_ios.app */ = {isa = PBXFileReference; explicitFileType = wrapper.application; includeInIndex = 0; path = cleaner_ios.app; sourceTree = BUILT_PRODUCTS_DIR; };
		CDFE915A2E6C8A460017D2B6 /* cleaner_iosTests.xctest */ = {isa = PBXFileReference; explicitFileType = wrapper.cfbundle; includeInIndex = 0; path = cleaner_iosTests.xctest; sourceTree = BUILT_PRODUCTS_DIR; };
		CDFE91642E6C8A460017D2B6 /* cleaner_iosUITests.xctest */ = {isa = PBXFileReference; explicitFileType = wrapper.cfbundle; includeInIndex = 0; path = cleaner_iosUITests.xctest; sourceTree = BUILT_PRODUCTS_DIR; };
/* End PBXFileReference section */

/* Begin PBXFileSystemSynchronizedRootGroup section */
		CDFE914F2E6C8A440017D2B6 /* cleaner_ios */ = {
			isa = PBXFileSystemSynchronizedRootGroup;
			path = cleaner_ios;
			sourceTree = "<group>";
		};
		CDFE915D2E6C8A460017D2B6 /* cleaner_iosTests */ = {
			isa = PBXFileSystemSynchronizedRootGroup;
			path = cleaner_iosTests;
			sourceTree = "<group>";
		};
		CDFE91672E6C8A460017D2B6 /* cleaner_iosUITests */ = {
			isa = PBXFileSystemSynchronizedRootGroup;
			path = cleaner_iosUITests;
			sourceTree = "<group>";
		};
/* End PBXFileSystemSynchronizedRootGroup section */

/* Begin PBXFrameworksBuildPhase section */
		CDFE914A2E6C8A440017D2B6 /* Frameworks */ = {
			isa = PBXFrameworksBuildPhase;
			buildActionMask = 2147483647;
			files = (
			);
			runOnlyForDeploymentPostprocessing = 0;
		};
		CDFE91572E6C8A460017D2B6 /* Frameworks */ = {
			isa = PBXFrameworksBuildPhase;
			buildActionMask = 2147483647;
			files = (
			);
			runOnlyForDeploymentPostprocessing = 0;
		};
		CDFE91612E6C8A460017D2B6 /* Frameworks */ = {
			isa = PBXFrameworksBuildPhase;
			buildActionMask = 2147483647;
			files = (
			);
			runOnlyForDeploymentPostprocessing = 0;
		};
/* End PBXFrameworksBuildPhase section */

/* Begin PBXGroup section */
		CDFE91442E6C8A440017D2B6 = {
			isa = PBXGroup;
			children = (
				CDFE914F2E6C8A440017D2B6 /* cleaner_ios */,
				CDFE915D2E6C8A460017D2B6 /* cleaner_iosTests */,
				CDFE91672E6C8A460017D2B6 /* cleaner_iosUITests */,
				CDFE914E2E6C8A440017D2B6 /* Products */,
			);
			sourceTree = "<group>";
		};
		CDFE914E2E6C8A440017D2B6 /* Products */ = {
			isa = PBXGroup;
			children = (
				CDFE914D2E6C8A440017D2B6 /* cleaner_ios.app */,
				CDFE915A2E6C8A460017D2B6 /* cleaner_iosTests.xctest */,
				CDFE91642E6C8A460017D2B6 /* cleaner_iosUITests.xctest */,
			);
			name = Products;
			sourceTree = "<group>";
		};
/* End PBXGroup section */

/* Begin PBXNativeTarget section */
		CDFE914C2E6C8A440017D2B6 /* cleaner_ios */ = {
			isa = PBXNativeTarget;
			buildConfigurationList = CDFE916E2E6C8A460017D2B6 /* Build configuration list for PBXNativeTarget "cleaner_ios" */;
			buildPhases = (
				CDFE91492E6C8A440017D2B6 /* Sources */,
				CDFE914A2E6C8A440017D2B6 /* Frameworks */,
				CDFE914B2E6C8A440017D2B6 /* Resources */,
			);
			buildRules = (
			);
			dependencies = (
			);
			fileSystemSynchronizedGroups = (
				CDFE914F2E6C8A440017D2B6 /* cleaner_ios */,
			);
			name = cleaner_ios;
			packageProductDependencies = (
			);
			productName = cleaner_ios;
			productReference = CDFE914D2E6C8A440017D2B6 /* cleaner_ios.app */;
			productType = "com.apple.product-type.application";
		};
		CDFE91592E6C8A460017D2B6 /* cleaner_iosTests */ = {
			isa = PBXNativeTarget;
			buildConfigurationList = CDFE91712E6C8A460017D2B6 /* Build configuration list for PBXNativeTarget "cleaner_iosTests" */;
			buildPhases = (
				CDFE91562E6C8A460017D2B6 /* Sources */,
				CDFE91572E6C8A460017D2B6 /* Frameworks */,
				CDFE91582E6C8A460017D2B6 /* Resources */,
			);
			buildRules = (
			);
			dependencies = (
				CDFE915C2E6C8A460017D2B6 /* PBXTargetDependency */,
			);
			fileSystemSynchronizedGroups = (
				CDFE915D2E6C8A460017D2B6 /* cleaner_iosTests */,
			);
			name = cleaner_iosTests;
			packageProductDependencies = (
			);
			productName = cleaner_iosTests;
			productReference = CDFE915A2E6C8A460017D2B6 /* cleaner_iosTests.xctest */;
			productType = "com.apple.product-type.bundle.unit-test";
		};
		CDFE91632E6C8A460017D2B6 /* cleaner_iosUITests */ = {
			isa = PBXNativeTarget;
			buildConfigurationList = CDFE91742E6C8A460017D2B6 /* Build configuration list for PBXNativeTarget "cleaner_iosUITests" */;
			buildPhases = (
				CDFE91602E6C8A460017D2B6 /* Sources */,
				CDFE91612E6C8A460017D2B6 /* Frameworks */,
				CDFE91622E6C8A460017D2B6 /* Resources */,
			);
			buildRules = (
			);
			dependencies = (
				CDFE91662E6C8A460017D2B6 /* PBXTargetDependency */,
			);
			fileSystemSynchronizedGroups = (
				CDFE91672E6C8A460017D2B6 /* cleaner_iosUITests */,
			);
			name = cleaner_iosUITests;
			packageProductDependencies = (
			);
			productName = cleaner_iosUITests;
			productReference = CDFE91642E6C8A460017D2B6 /* cleaner_iosUITests.xctest */;
			productType = "com.apple.product-type.bundle.ui-testing";
		};
/* End PBXNativeTarget section */

/* Begin PBXProject section */
		CDFE91452E6C8A440017D2B6 /* Project object */ = {
			isa = PBXProject;
			attributes = {
				BuildIndependentTargetsInParallel = 1;
				LastSwiftUpdateCheck = 1640;
				LastUpgradeCheck = 1640;
				TargetAttributes = {
					CDFE914C2E6C8A440017D2B6 = {
						CreatedOnToolsVersion = 16.4;
					};
					CDFE91592E6C8A460017D2B6 = {
						CreatedOnToolsVersion = 16.4;
						TestTargetID = CDFE914C2E6C8A440017D2B6;
					};
					CDFE91632E6C8A460017D2B6 = {
						CreatedOnToolsVersion = 16.4;
						TestTargetID = CDFE914C2E6C8A440017D2B6;
					};
				};
			};
			buildConfigurationList = CDFE91482E6C8A440017D2B6 /* Build configuration list for PBXProject "cleaner_ios" */;
			developmentRegion = en;
			hasScannedForEncodings = 0;
			knownRegions = (
				en,
				Base,
			);
			mainGroup = CDFE91442E6C8A440017D2B6;
			minimizedProjectReferenceProxies = 1;
			packageReferences = (
				CDFE920A2E6E2F860017D2B6 /* XCRemoteSwiftPackageReference "ml-mobileclip" */,
			);
			preferredProjectObjectVersion = 77;
			productRefGroup = CDFE914E2E6C8A440017D2B6 /* Products */;
			projectDirPath = "";
			projectRoot = "";
			targets = (
				CDFE914C2E6C8A440017D2B6 /* cleaner_ios */,
				CDFE91592E6C8A460017D2B6 /* cleaner_iosTests */,
				CDFE91632E6C8A460017D2B6 /* cleaner_iosUITests */,
			);
		};
/* End PBXProject section */

/* Begin PBXResourcesBuildPhase section */
		CDFE914B2E6C8A440017D2B6 /* Resources */ = {
			isa = PBXResourcesBuildPhase;
			buildActionMask = 2147483647;
			files = (
			);
			runOnlyForDeploymentPostprocessing = 0;
		};
		CDFE91582E6C8A460017D2B6 /* Resources */ = {
			isa = PBXResourcesBuildPhase;
			buildActionMask = 2147483647;
			files = (
			);
			runOnlyForDeploymentPostprocessing = 0;
		};
		CDFE91622E6C8A460017D2B6 /* Resources */ = {
			isa = PBXResourcesBuildPhase;
			buildActionMask = 2147483647;
			files = (
			);
			runOnlyForDeploymentPostprocessing = 0;
		};
/* End PBXResourcesBuildPhase section */

/* Begin PBXSourcesBuildPhase section */
		CDFE91492E6C8A440017D2B6 /* Sources */ = {
			isa = PBXSourcesBuildPhase;
			buildActionMask = 2147483647;
			files = (
			);
			runOnlyForDeploymentPostprocessing = 0;
		};
		CDFE91562E6C8A460017D2B6 /* Sources */ = {
			isa = PBXSourcesBuildPhase;
			buildActionMask = 2147483647;
			files = (
			);
			runOnlyForDeploymentPostprocessing = 0;
		};
		CDFE91602E6C8A460017D2B6 /* Sources */ = {
			isa = PBXSourcesBuildPhase;
			buildActionMask = 2147483647;
			files = (
			);
			runOnlyForDeploymentPostprocessing = 0;
		};
/* End PBXSourcesBuildPhase section */

/* Begin PBXTargetDependency section */
		CDFE915C2E6C8A460017D2B6 /* PBXTargetDependency */ = {
			isa = PBXTargetDependency;
			target = CDFE914C2E6C8A440017D2B6 /* cleaner_ios */;
			targetProxy = CDFE915B2E6C8A460017D2B6 /* PBXContainerItemProxy */;
		};
		CDFE91662E6C8A460017D2B6 /* PBXTargetDependency */ = {
			isa = PBXTargetDependency;
			target = CDFE914C2E6C8A440017D2B6 /* cleaner_ios */;
			targetProxy = CDFE91652E6C8A460017D2B6 /* PBXContainerItemProxy */;
		};
/* End PBXTargetDependency section */

/* Begin XCBuildConfiguration section */
		CDFE916C2E6C8A460017D2B6 /* Debug */ = {
			isa = XCBuildConfiguration;
			buildSettings = {
				ALWAYS_SEARCH_USER_PATHS = NO;
				ASSETCATALOG_COMPILER_GENERATE_SWIFT_ASSET_SYMBOL_EXTENSIONS = YES;
				CLANG_ANALYZER_NONNULL = YES;
				CLANG_ANALYZER_NUMBER_OBJECT_CONVERSION = YES_AGGRESSIVE;
				CLANG_CXX_LANGUAGE_STANDARD = "gnu++20";
				CLANG_ENABLE_MODULES = YES;
				CLANG_ENABLE_OBJC_ARC = YES;
				CLANG_ENABLE_OBJC_WEAK = YES;
				CLANG_WARN_BLOCK_CAPTURE_AUTORELEASING = YES;
				CLANG_WARN_BOOL_CONVERSION = YES;
				CLANG_WARN_COMMA = YES;
				CLANG_WARN_CONSTANT_CONVERSION = YES;
				CLANG_WARN_DEPRECATED_OBJC_IMPLEMENTATIONS = YES;
				CLANG_WARN_DIRECT_OBJC_ISA_USAGE = YES_ERROR;
				CLANG_WARN_DOCUMENTATION_COMMENTS = YES;
				CLANG_WARN_EMPTY_BODY = YES;
				CLANG_WARN_ENUM_CONVERSION = YES;
				CLANG_WARN_INFINITE_RECURSION = YES;
				CLANG_WARN_INT_CONVERSION = YES;
				CLANG_WARN_NON_LITERAL_NULL_CONVERSION = YES;
				CLANG_WARN_OBJC_IMPLICIT_RETAIN_SELF = YES;
				CLANG_WARN_OBJC_LITERAL_CONVERSION = YES;
				CLANG_WARN_OBJC_ROOT_CLASS = YES_ERROR;
				CLANG_WARN_QUOTED_INCLUDE_IN_FRAMEWORK_HEADER = YES;
				CLANG_WARN_RANGE_LOOP_ANALYSIS = YES;
				CLANG_WARN_STRICT_PROTOTYPES = YES;
				CLANG_WARN_SUSPICIOUS_MOVE = YES;
				CLANG_WARN_UNGUARDED_AVAILABILITY = YES_AGGRESSIVE;
				CLANG_WARN_UNREACHABLE_CODE = YES;
				CLANG_WARN__DUPLICATE_METHOD_MATCH = YES;
				COPY_PHASE_STRIP = NO;
				DEBUG_INFORMATION_FORMAT = dwarf;
				ENABLE_STRICT_OBJC_MSGSEND = YES;
				ENABLE_TESTABILITY = YES;
				ENABLE_USER_SCRIPT_SANDBOXING = YES;
				GCC_C_LANGUAGE_STANDARD = gnu17;
				GCC_DYNAMIC_NO_PIC = NO;
				GCC_NO_COMMON_BLOCKS = YES;
				GCC_OPTIMIZATION_LEVEL = 0;
				GCC_PREPROCESSOR_DEFINITIONS = (
					"DEBUG=1",
					"$(inherited)",
				);
				GCC_WARN_64_TO_32_BIT_CONVERSION = YES;
				GCC_WARN_ABOUT_RETURN_TYPE = YES_ERROR;
				GCC_WARN_UNDECLARED_SELECTOR = YES;
				GCC_WARN_UNINITIALIZED_AUTOS = YES_AGGRESSIVE;
				GCC_WARN_UNUSED_FUNCTION = YES;
				GCC_WARN_UNUSED_VARIABLE = YES;
				IPHONEOS_DEPLOYMENT_TARGET = 18.5;
				LOCALIZATION_PREFERS_STRING_CATALOGS = YES;
				MTL_ENABLE_DEBUG_INFO = INCLUDE_SOURCE;
				MTL_FAST_MATH = YES;
				ONLY_ACTIVE_ARCH = YES;
				SDKROOT = iphoneos;
				SWIFT_ACTIVE_COMPILATION_CONDITIONS = "DEBUG $(inherited)";
				SWIFT_OPTIMIZATION_LEVEL = "-Onone";
			};
			name = Debug;
		};
		CDFE916D2E6C8A460017D2B6 /* Release */ = {
			isa = XCBuildConfiguration;
			buildSettings = {
				ALWAYS_SEARCH_USER_PATHS = NO;
				ASSETCATALOG_COMPILER_GENERATE_SWIFT_ASSET_SYMBOL_EXTENSIONS = YES;
				CLANG_ANALYZER_NONNULL = YES;
				CLANG_ANALYZER_NUMBER_OBJECT_CONVERSION = YES_AGGRESSIVE;
				CLANG_CXX_LANGUAGE_STANDARD = "gnu++20";
				CLANG_ENABLE_MODULES = YES;
				CLANG_ENABLE_OBJC_ARC = YES;
				CLANG_ENABLE_OBJC_WEAK = YES;
				CLANG_WARN_BLOCK_CAPTURE_AUTORELEASING = YES;
				CLANG_WARN_BOOL_CONVERSION = YES;
				CLANG_WARN_COMMA = YES;
				CLANG_WARN_CONSTANT_CONVERSION = YES;
				CLANG_WARN_DEPRECATED_OBJC_IMPLEMENTATIONS = YES;
				CLANG_WARN_DIRECT_OBJC_ISA_USAGE = YES_ERROR;
				CLANG_WARN_DOCUMENTATION_COMMENTS = YES;
				CLANG_WARN_EMPTY_BODY = YES;
				CLANG_WARN_ENUM_CONVERSION = YES;
				CLANG_WARN_INFINITE_RECURSION = YES;
				CLANG_WARN_INT_CONVERSION = YES;
				CLANG_WARN_NON_LITERAL_NULL_CONVERSION = YES;
				CLANG_WARN_OBJC_IMPLICIT_RETAIN_SELF = YES;
				CLANG_WARN_OBJC_LITERAL_CONVERSION = YES;
				CLANG_WARN_OBJC_ROOT_CLASS = YES_ERROR;
				CLANG_WARN_QUOTED_INCLUDE_IN_FRAMEWORK_HEADER = YES;
				CLANG_WARN_RANGE_LOOP_ANALYSIS = YES;
				CLANG_WARN_STRICT_PROTOTYPES = YES;
				CLANG_WARN_SUSPICIOUS_MOVE = YES;
				CLANG_WARN_UNGUARDED_AVAILABILITY = YES_AGGRESSIVE;
				CLANG_WARN_UNREACHABLE_CODE = YES;
				CLANG_WARN__DUPLICATE_METHOD_MATCH = YES;
				COPY_PHASE_STRIP = NO;
				DEBUG_INFORMATION_FORMAT = "dwarf-with-dsym";
				ENABLE_NS_ASSERTIONS = NO;
				ENABLE_STRICT_OBJC_MSGSEND = YES;
				ENABLE_USER_SCRIPT_SANDBOXING = YES;
				GCC_C_LANGUAGE_STANDARD = gnu17;
				GCC_NO_COMMON_BLOCKS = YES;
				GCC_WARN_64_TO_32_BIT_CONVERSION = YES;
				GCC_WARN_ABOUT_RETURN_TYPE = YES_ERROR;
				GCC_WARN_UNDECLARED_SELECTOR = YES;
				GCC_WARN_UNINITIALIZED_AUTOS = YES_AGGRESSIVE;
				GCC_WARN_UNUSED_FUNCTION = YES;
				GCC_WARN_UNUSED_VARIABLE = YES;
				IPHONEOS_DEPLOYMENT_TARGET = 18.5;
				LOCALIZATION_PREFERS_STRING_CATALOGS = YES;
				MTL_ENABLE_DEBUG_INFO = NO;
				MTL_FAST_MATH = YES;
				SDKROOT = iphoneos;
				SWIFT_COMPILATION_MODE = wholemodule;
				VALIDATE_PRODUCT = YES;
			};
			name = Release;
		};
		CDFE916F2E6C8A460017D2B6 /* Debug */ = {
			isa = XCBuildConfiguration;
			buildSettings = {
				ASSETCATALOG_COMPILER_APPICON_NAME = AppIcon;
				ASSETCATALOG_COMPILER_GLOBAL_ACCENT_COLOR_NAME = AccentColor;
				CODE_SIGN_STYLE = Automatic;
				CURRENT_PROJECT_VERSION = 1;
				DEVELOPMENT_TEAM = U49M59ZU78;
				ENABLE_PREVIEWS = YES;
				GENERATE_INFOPLIST_FILE = YES;
				INFOPLIST_KEY_NSPhotoLibraryAddUsageDescription = "Приложению необходим доступ к галерее для сохранения изображений";
				INFOPLIST_KEY_NSPhotoLibraryUsageDescription = "Приложению необходим доступ к галерее для выбора изображений";
				INFOPLIST_KEY_UIApplicationSceneManifest_Generation = YES;
				INFOPLIST_KEY_UIApplicationSupportsIndirectInputEvents = YES;
				INFOPLIST_KEY_UILaunchScreen_Generation = YES;
				INFOPLIST_KEY_UISupportedInterfaceOrientations_iPad = "UIInterfaceOrientationPortrait UIInterfaceOrientationPortraitUpsideDown UIInterfaceOrientationLandscapeLeft UIInterfaceOrientationLandscapeRight";
				INFOPLIST_KEY_UISupportedInterfaceOrientations_iPhone = "UIInterfaceOrientationPortrait UIInterfaceOrientationLandscapeLeft UIInterfaceOrientationLandscapeRight";
				LD_RUNPATH_SEARCH_PATHS = (
					"$(inherited)",
					"@executable_path/Frameworks",
				);
				MARKETING_VERSION = 1.0;
				PRODUCT_BUNDLE_IDENTIFIER = "test.cleaner-ios";
				PRODUCT_NAME = "$(TARGET_NAME)";
				SWIFT_EMIT_LOC_STRINGS = YES;
				SWIFT_VERSION = 5.0;
				TARGETED_DEVICE_FAMILY = "1,2";
			};
			name = Debug;
		};
		CDFE91702E6C8A460017D2B6 /* Release */ = {
			isa = XCBuildConfiguration;
			buildSettings = {
				ASSETCATALOG_COMPILER_APPICON_NAME = AppIcon;
				ASSETCATALOG_COMPILER_GLOBAL_ACCENT_COLOR_NAME = AccentColor;
				CODE_SIGN_STYLE = Automatic;
				CURRENT_PROJECT_VERSION = 1;
				DEVELOPMENT_TEAM = U49M59ZU78;
				ENABLE_PREVIEWS = YES;
				GENERATE_INFOPLIST_FILE = YES;
				INFOPLIST_KEY_NSPhotoLibraryAddUsageDescription = "Приложению необходим доступ к галерее для сохранения изображений";
				INFOPLIST_KEY_NSPhotoLibraryUsageDescription = "Приложению необходим доступ к галерее для выбора изображений";
				INFOPLIST_KEY_UIApplicationSceneManifest_Generation = YES;
				INFOPLIST_KEY_UIApplicationSupportsIndirectInputEvents = YES;
				INFOPLIST_KEY_UILaunchScreen_Generation = YES;
				INFOPLIST_KEY_UISupportedInterfaceOrientations_iPad = "UIInterfaceOrientationPortrait UIInterfaceOrientationPortraitUpsideDown UIInterfaceOrientationLandscapeLeft UIInterfaceOrientationLandscapeRight";
				INFOPLIST_KEY_UISupportedInterfaceOrientations_iPhone = "UIInterfaceOrientationPortrait UIInterfaceOrientationLandscapeLeft UIInterfaceOrientationLandscapeRight";
				LD_RUNPATH_SEARCH_PATHS = (
					"$(inherited)",
					"@executable_path/Frameworks",
				);
				MARKETING_VERSION = 1.0;
				PRODUCT_BUNDLE_IDENTIFIER = "test.cleaner-ios";
				PRODUCT_NAME = "$(TARGET_NAME)";
				SWIFT_EMIT_LOC_STRINGS = YES;
				SWIFT_VERSION = 5.0;
				TARGETED_DEVICE_FAMILY = "1,2";
			};
			name = Release;
		};
		CDFE91722E6C8A460017D2B6 /* Debug */ = {
			isa = XCBuildConfiguration;
			buildSettings = {
				BUNDLE_LOADER = "$(TEST_HOST)";
				"CODE_SIGN_IDENTITY[sdk=macosx*]" = "-";
				CODE_SIGN_STYLE = Automatic;
				CURRENT_PROJECT_VERSION = 1;
				GENERATE_INFOPLIST_FILE = YES;
				IPHONEOS_DEPLOYMENT_TARGET = 18.5;
				MARKETING_VERSION = 1.0;
				PRODUCT_BUNDLE_IDENTIFIER = "test.cleaner-iosTests";
				PRODUCT_NAME = "$(TARGET_NAME)";
				SWIFT_EMIT_LOC_STRINGS = NO;
				SWIFT_VERSION = 5.0;
				TARGETED_DEVICE_FAMILY = "1,2";
				TEST_HOST = "$(BUILT_PRODUCTS_DIR)/cleaner_ios.app/$(BUNDLE_EXECUTABLE_FOLDER_PATH)/cleaner_ios";
			};
			name = Debug;
		};
		CDFE91732E6C8A460017D2B6 /* Release */ = {
			isa = XCBuildConfiguration;
			buildSettings = {
				BUNDLE_LOADER = "$(TEST_HOST)";
				"CODE_SIGN_IDENTITY[sdk=macosx*]" = "-";
				CODE_SIGN_STYLE = Automatic;
				CURRENT_PROJECT_VERSION = 1;
				GENERATE_INFOPLIST_FILE = YES;
				IPHONEOS_DEPLOYMENT_TARGET = 18.5;
				MARKETING_VERSION = 1.0;
				PRODUCT_BUNDLE_IDENTIFIER = "test.cleaner-iosTests";
				PRODUCT_NAME = "$(TARGET_NAME)";
				SWIFT_EMIT_LOC_STRINGS = NO;
				SWIFT_VERSION = 5.0;
				TARGETED_DEVICE_FAMILY = "1,2";
				TEST_HOST = "$(BUILT_PRODUCTS_DIR)/cleaner_ios.app/$(BUNDLE_EXECUTABLE_FOLDER_PATH)/cleaner_ios";
			};
			name = Release;
		};
		CDFE91752E6C8A460017D2B6 /* Debug */ = {
			isa = XCBuildConfiguration;
			buildSettings = {
				"CODE_SIGN_IDENTITY[sdk=macosx*]" = "-";
				CODE_SIGN_STYLE = Automatic;
				CURRENT_PROJECT_VERSION = 1;
				GENERATE_INFOPLIST_FILE = YES;
				MARKETING_VERSION = 1.0;
				PRODUCT_BUNDLE_IDENTIFIER = "test.cleaner-iosUITests";
				PRODUCT_NAME = "$(TARGET_NAME)";
				SWIFT_EMIT_LOC_STRINGS = NO;
				SWIFT_VERSION = 5.0;
				TARGETED_DEVICE_FAMILY = "1,2";
				TEST_TARGET_NAME = cleaner_ios;
			};
			name = Debug;
		};
		CDFE91762E6C8A460017D2B6 /* Release */ = {
			isa = XCBuildConfiguration;
			buildSettings = {
				"CODE_SIGN_IDENTITY[sdk=macosx*]" = "-";
				CODE_SIGN_STYLE = Automatic;
				CURRENT_PROJECT_VERSION = 1;
				GENERATE_INFOPLIST_FILE = YES;
				MARKETING_VERSION = 1.0;
				PRODUCT_BUNDLE_IDENTIFIER = "test.cleaner-iosUITests";
				PRODUCT_NAME = "$(TARGET_NAME)";
				SWIFT_EMIT_LOC_STRINGS = NO;
				SWIFT_VERSION = 5.0;
				TARGETED_DEVICE_FAMILY = "1,2";
				TEST_TARGET_NAME = cleaner_ios;
			};
			name = Release;
		};
/* End XCBuildConfiguration section */

/* Begin XCConfigurationList section */
		CDFE91482E6C8A440017D2B6 /* Build configuration list for PBXProject "cleaner_ios" */ = {
			isa = XCConfigurationList;
			buildConfigurations = (
				CDFE916C2E6C8A460017D2B6 /* Debug */,
				CDFE916D2E6C8A460017D2B6 /* Release */,
			);
			defaultConfigurationIsVisible = 0;
			defaultConfigurationName = Release;
		};
		CDFE916E2E6C8A460017D2B6 /* Build configuration list for PBXNativeTarget "cleaner_ios" */ = {
			isa = XCConfigurationList;
			buildConfigurations = (
				CDFE916F2E6C8A460017D2B6 /* Debug */,
				CDFE91702E6C8A460017D2B6 /* Release */,
			);
			defaultConfigurationIsVisible = 0;
			defaultConfigurationName = Release;
		};
		CDFE91712E6C8A460017D2B6 /* Build configuration list for PBXNativeTarget "cleaner_iosTests" */ = {
			isa = XCConfigurationList;
			buildConfigurations = (
				CDFE91722E6C8A460017D2B6 /* Debug */,
				CDFE91732E6C8A460017D2B6 /* Release */,
			);
			defaultConfigurationIsVisible = 0;
			defaultConfigurationName = Release;
		};
		CDFE91742E6C8A460017D2B6 /* Build configuration list for PBXNativeTarget "cleaner_iosUITests" */ = {
			isa = XCConfigurationList;
			buildConfigurations = (
				CDFE91752E6C8A460017D2B6 /* Debug */,
				CDFE91762E6C8A460017D2B6 /* Release */,
			);
			defaultConfigurationIsVisible = 0;
			defaultConfigurationName = Release;
		};
/* End XCConfigurationList section */

/* Begin XCRemoteSwiftPackageReference section */
		CDFE920A2E6E2F860017D2B6 /* XCRemoteSwiftPackageReference "ml-mobileclip" */ = {
			isa = XCRemoteSwiftPackageReference;
			repositoryURL = "https://github.com/apple/ml-mobileclip";
			requirement = {
				branch = main;
				kind = branch;
			};
		};
/* End XCRemoteSwiftPackageReference section */
	};
	rootObject = CDFE91452E6C8A440017D2B6 /* Project object */;
}
